// !$*UTF8*$!
{
	archiveVersion = 1;
	classes = {
	};
	objectVersion = 50;
	objects = {

/* Begin PBXBuildFile section */
		69BA8507237CC32700C65AF6 /* main.m in Sources */ = {isa = PBXBuildFile; fileRef = 69BA8506237CC32700C65AF6 /* main.m */; };
		69BA8515237CE62B00C65AF6 /* Server.m in Sources */ = {isa = PBXBuildFile; fileRef = 69BA8514237CE62B00C65AF6 /* Server.m */; };
		69BA8518237CEDCD00C65AF6 /* Client.m in Sources */ = {isa = PBXBuildFile; fileRef = 69BA8517237CEDCD00C65AF6 /* Client.m */; };
/* End PBXBuildFile section */

/* Begin PBXCopyFilesBuildPhase section */
		69BA8501237CC32700C65AF6 /* CopyFiles */ = {
			isa = PBXCopyFilesBuildPhase;
			buildActionMask = 2147483647;
			dstPath = /usr/share/man/man1/;
			dstSubfolderSpec = 0;
			files = (
			);
			runOnlyForDeploymentPostprocessing = 1;
		};
/* End PBXCopyFilesBuildPhase section */

/* Begin PBXFileReference section */
		69BA8503237CC32700C65AF6 /* basic_comms */ = {isa = PBXFileReference; explicitFileType = "compiled.mach-o.executable"; includeInIndex = 0; path = basic_comms; sourceTree = BUILT_PRODUCTS_DIR; };
		69BA8506237CC32700C65AF6 /* main.m */ = {isa = PBXFileReference; lastKnownFileType = sourcecode.c.objc; path = main.m; sourceTree = "<group>"; };
		69BA8513237CE62B00C65AF6 /* Server.h */ = {isa = PBXFileReference; lastKnownFileType = sourcecode.c.h; path = Server.h; sourceTree = "<group>"; };
		69BA8514237CE62B00C65AF6 /* Server.m */ = {isa = PBXFileReference; lastKnownFileType = sourcecode.c.objc; path = Server.m; sourceTree = "<group>"; };
		69BA8516237CEDCD00C65AF6 /* Client.h */ = {isa = PBXFileReference; lastKnownFileType = sourcecode.c.h; path = Client.h; sourceTree = "<group>"; };
		69BA8517237CEDCD00C65AF6 /* Client.m */ = {isa = PBXFileReference; lastKnownFileType = sourcecode.c.objc; path = Client.m; sourceTree = "<group>"; };
/* End PBXFileReference section */

/* Begin PBXFrameworksBuildPhase section */
		69BA8500237CC32700C65AF6 /* Frameworks */ = {
			isa = PBXFrameworksBuildPhase;
			buildActionMask = 2147483647;
			files = (
			);
			runOnlyForDeploymentPostprocessing = 0;
		};
/* End PBXFrameworksBuildPhase section */

/* Begin PBXGroup section */
		69BA84FA237CC32700C65AF6 = {
			isa = PBXGroup;
			children = (
				69BA8505237CC32700C65AF6 /* basic_comms */,
				69BA8504237CC32700C65AF6 /* Products */,
			);
			sourceTree = "<group>";
		};
		69BA8504237CC32700C65AF6 /* Products */ = {
			isa = PBXGroup;
			children = (
				69BA8503237CC32700C65AF6 /* basic_comms */,
			);
			name = Products;
			sourceTree = "<group>";
		};
		69BA8505237CC32700C65AF6 /* basic_comms */ = {
			isa = PBXGroup;
			children = (
				69BA8506237CC32700C65AF6 /* main.m */,
				69BA8513237CE62B00C65AF6 /* Server.h */,
				69BA8514237CE62B00C65AF6 /* Server.m */,
				69BA8516237CEDCD00C65AF6 /* Client.h */,
				69BA8517237CEDCD00C65AF6 /* Client.m */,
			);
			path = basic_comms;
			sourceTree = "<group>";
		};
/* End PBXGroup section */

/* Begin PBXNativeTarget section */
		69BA8502237CC32700C65AF6 /* basic_comms */ = {
			isa = PBXNativeTarget;
			buildConfigurationList = 69BA850A237CC32700C65AF6 /* Build configuration list for PBXNativeTarget "basic_comms" */;
			buildPhases = (
				69BA84FF237CC32700C65AF6 /* Sources */,
				69BA8500237CC32700C65AF6 /* Frameworks */,
				69BA8501237CC32700C65AF6 /* CopyFiles */,
			);
			buildRules = (
			);
			dependencies = (
			);
			name = basic_comms;
			productName = basic_comms;
			productReference = 69BA8503237CC32700C65AF6 /* basic_comms */;
			productType = "com.apple.product-type.tool";
		};
/* End PBXNativeTarget section */

/* Begin PBXProject section */
		69BA84FB237CC32700C65AF6 /* Project object */ = {
			isa = PBXProject;
			attributes = {
				LastUpgradeCheck = 1120;
				ORGANIZATIONNAME = "Sean McConnell";
				TargetAttributes = {
					69BA8502237CC32700C65AF6 = {
						CreatedOnToolsVersion = 11.2;
					};
				};
			};
			buildConfigurationList = 69BA84FE237CC32700C65AF6 /* Build configuration list for PBXProject "basic_comms" */;
			compatibilityVersion = "Xcode 9.3";
			developmentRegion = en;
			hasScannedForEncodings = 0;
			knownRegions = (
				en,
				Base,
			);
			mainGroup = 69BA84FA237CC32700C65AF6;
			productRefGroup = 69BA8504237CC32700C65AF6 /* Products */;
			projectDirPath = "";
			projectRoot = "";
			targets = (
				69BA8502237CC32700C65AF6 /* basic_comms */,
			);
		};
/* End PBXProject section */

/* Begin PBXSourcesBuildPhase section */
		69BA84FF237CC32700C65AF6 /* Sources */ = {
			isa = PBXSourcesBuildPhase;
			buildActionMask = 2147483647;
			files = (
				69BA8515237CE62B00C65AF6 /* Server.m in Sources */,
				69BA8518237CEDCD00C65AF6 /* Client.m in Sources */,
				69BA8507237CC32700C65AF6 /* main.m in Sources */,
			);
			runOnlyForDeploymentPostprocessing = 0;
		};
/* End PBXSourcesBuildPhase section */

/* Begin XCBuildConfiguration section */
		69BA8508237CC32700C65AF6 /* Debug */ = {
			isa = XCBuildConfiguration;
			buildSettings = {
				ALWAYS_SEARCH_USER_PATHS = NO;
				CLANG_ANALYZER_NONNULL = YES;
				CLANG_ANALYZER_NUMBER_OBJECT_CONVERSION = YES_AGGRESSIVE;
				CLANG_CXX_LANGUAGE_STANDARD = "gnu++14";
				CLANG_CXX_LIBRARY = "libc++";
				CLANG_ENABLE_MODULES = YES;
				CLANG_ENABLE_OBJC_ARC = YES;
				CLANG_ENABLE_OBJC_WEAK = YES;
				CLANG_WARN_BLOCK_CAPTURE_AUTORELEASING = YES;
				CLANG_WARN_BOOL_CONVERSION = YES;
				CLANG_WARN_COMMA = YES;
				CLANG_WARN_CONSTANT_CONVERSION = YES;
				CLANG_WARN_DEPRECATED_OBJC_IMPLEMENTATIONS = YES;
				CLANG_WARN_DIRECT_OBJC_ISA_USAGE = YES_ERROR;
				CLANG_WARN_DOCUMENTATION_COMMENTS = YES;
				CLANG_WARN_EMPTY_BODY = YES;
				CLANG_WARN_ENUM_CONVERSION = YES;
				CLANG_WARN_INFINITE_RECURSION = YES;
				CLANG_WARN_INT_CONVERSION = YES;
				CLANG_WARN_NON_LITERAL_NULL_CONVERSION = YES;
				CLANG_WARN_OBJC_IMPLICIT_RETAIN_SELF = YES;
				CLANG_WARN_OBJC_LITERAL_CONVERSION = YES;
				CLANG_WARN_OBJC_ROOT_CLASS = YES_ERROR;
				CLANG_WARN_RANGE_LOOP_ANALYSIS = YES;
				CLANG_WARN_STRICT_PROTOTYPES = YES;
				CLANG_WARN_SUSPICIOUS_MOVE = YES;
				CLANG_WARN_UNGUARDED_AVAILABILITY = YES_AGGRESSIVE;
				CLANG_WARN_UNREACHABLE_CODE = YES;
				CLANG_WARN__DUPLICATE_METHOD_MATCH = YES;
				COPY_PHASE_STRIP = NO;
				DEBUG_INFORMATION_FORMAT = dwarf;
				ENABLE_STRICT_OBJC_MSGSEND = YES;
				ENABLE_TESTABILITY = YES;
				GCC_C_LANGUAGE_STANDARD = gnu11;
				GCC_DYNAMIC_NO_PIC = NO;
				GCC_NO_COMMON_BLOCKS = YES;
				GCC_OPTIMIZATION_LEVEL = 0;
				GCC_PREPROCESSOR_DEFINITIONS = (
					"DEBUG=1",
					"$(inherited)",
				);
				GCC_WARN_64_TO_32_BIT_CONVERSION = YES;
				GCC_WARN_ABOUT_RETURN_TYPE = YES_ERROR;
				GCC_WARN_UNDECLARED_SELECTOR = YES;
				GCC_WARN_UNINITIALIZED_AUTOS = YES_AGGRESSIVE;
				GCC_WARN_UNUSED_FUNCTION = YES;
				GCC_WARN_UNUSED_VARIABLE = YES;
				MACOSX_DEPLOYMENT_TARGET = 10.14;
				MTL_ENABLE_DEBUG_INFO = INCLUDE_SOURCE;
				MTL_FAST_MATH = YES;
				ONLY_ACTIVE_ARCH = YES;
				SDKROOT = macosx;
			};
			name = Debug;
		};
		69BA8509237CC32700C65AF6 /* Release */ = {
			isa = XCBuildConfiguration;
			buildSettings = {
				ALWAYS_SEARCH_USER_PATHS = NO;
				CLANG_ANALYZER_NONNULL = YES;
				CLANG_ANALYZER_NUMBER_OBJECT_CONVERSION = YES_AGGRESSIVE;
				CLANG_CXX_LANGUAGE_STANDARD = "gnu++14";
				CLANG_CXX_LIBRARY = "libc++";
				CLANG_ENABLE_MODULES = YES;
				CLANG_ENABLE_OBJC_ARC = YES;
				CLANG_ENABLE_OBJC_WEAK = YES;
				CLANG_WARN_BLOCK_CAPTURE_AUTORELEASING = YES;
				CLANG_WARN_BOOL_CONVERSION = YES;
				CLANG_WARN_COMMA = YES;
				CLANG_WARN_CONSTANT_CONVERSION = YES;
				CLANG_WARN_DEPRECATED_OBJC_IMPLEMENTATIONS = YES;
				CLANG_WARN_DIRECT_OBJC_ISA_USAGE = YES_ERROR;
				CLANG_WARN_DOCUMENTATION_COMMENTS = YES;
				CLANG_WARN_EMPTY_BODY = YES;
				CLANG_WARN_ENUM_CONVERSION = YES;
				CLANG_WARN_INFINITE_RECURSION = YES;
				CLANG_WARN_INT_CONVERSION = YES;
				CLANG_WARN_NON_LITERAL_NULL_CONVERSION = YES;
				CLANG_WARN_OBJC_IMPLICIT_RETAIN_SELF = YES;
				CLANG_WARN_OBJC_LITERAL_CONVERSION = YES;
				CLANG_WARN_OBJC_ROOT_CLASS = YES_ERROR;
				CLANG_WARN_RANGE_LOOP_ANALYSIS = YES;
				CLANG_WARN_STRICT_PROTOTYPES = YES;
				CLANG_WARN_SUSPICIOUS_MOVE = YES;
				CLANG_WARN_UNGUARDED_AVAILABILITY = YES_AGGRESSIVE;
				CLANG_WARN_UNREACHABLE_CODE = YES;
				CLANG_WARN__DUPLICATE_METHOD_MATCH = YES;
				COPY_PHASE_STRIP = NO;
				DEBUG_INFORMATION_FORMAT = "dwarf-with-dsym";
				ENABLE_NS_ASSERTIONS = NO;
				ENABLE_STRICT_OBJC_MSGSEND = YES;
				GCC_C_LANGUAGE_STANDARD = gnu11;
				GCC_NO_COMMON_BLOCKS = YES;
				GCC_WARN_64_TO_32_BIT_CONVERSION = YES;
				GCC_WARN_ABOUT_RETURN_TYPE = YES_ERROR;
				GCC_WARN_UNDECLARED_SELECTOR = YES;
				GCC_WARN_UNINITIALIZED_AUTOS = YES_AGGRESSIVE;
				GCC_WARN_UNUSED_FUNCTION = YES;
				GCC_WARN_UNUSED_VARIABLE = YES;
				MACOSX_DEPLOYMENT_TARGET = 10.14;
				MTL_ENABLE_DEBUG_INFO = NO;
				MTL_FAST_MATH = YES;
				SDKROOT = macosx;
			};
			name = Release;
		};
		69BA850B237CC32700C65AF6 /* Debug */ = {
			isa = XCBuildConfiguration;
			buildSettings = {
				CODE_SIGN_STYLE = Automatic;
				PRODUCT_NAME = "$(TARGET_NAME)";
			};
			name = Debug;
		};
		69BA850C237CC32700C65AF6 /* Release */ = {
			isa = XCBuildConfiguration;
			buildSettings = {
				CODE_SIGN_STYLE = Automatic;
				PRODUCT_NAME = "$(TARGET_NAME)";
			};
			name = Release;
		};
/* End XCBuildConfiguration section */

/* Begin XCConfigurationList section */
		69BA84FE237CC32700C65AF6 /* Build configuration list for PBXProject "basic_comms" */ = {
			isa = XCConfigurationList;
			buildConfigurations = (
				69BA8508237CC32700C65AF6 /* Debug */,
				69BA8509237CC32700C65AF6 /* Release */,
			);
			defaultConfigurationIsVisible = 0;
			defaultConfigurationName = Release;
		};
		69BA850A237CC32700C65AF6 /* Build configuration list for PBXNativeTarget "basic_comms" */ = {
			isa = XCConfigurationList;
			buildConfigurations = (
				69BA850B237CC32700C65AF6 /* Debug */,
				69BA850C237CC32700C65AF6 /* Release */,
			);
			defaultConfigurationIsVisible = 0;
			defaultConfigurationName = Release;
		};
/* End XCConfigurationList section */
	};
	rootObject = 69BA84FB237CC32700C65AF6 /* Project object */;
}
